
Microsoft Visual Studio Solution File, Format Version 12.00
# Visual Studio 15
VisualStudioVersion = 15.0.26430.6
MinimumVisualStudioVersion = 10.0.40219.1
Project("{9A19103F-16F7-4668-BE54-9A1E7A4F7556}") = "BCoreDal", "BCoreDal\BCoreDal.csproj", "{2E0758AB-CF1D-4097-9F50-8EF29E113EF0}"
EndProject
Project("{9A19103F-16F7-4668-BE54-9A1E7A4F7556}") = "BCoreApi", "BCoreApi\BCoreApi.csproj", "{D9A84928-E424-46A6-80CA-02FB4CFC7B8B}"
EndProject
Project("{9A19103F-16F7-4668-BE54-9A1E7A4F7556}") = "BCore", "BCore\BCore.csproj", "{03050D1A-A9C1-4E3E-ADDA-2499E2DCF2FE}"
EndProject
Project("{9A19103F-16F7-4668-BE54-9A1E7A4F7556}") = "BCoreIdentity", "BCoreIdentity\BCoreIdentity.csproj", "{DCA80A96-E494-4082-BB20-AEEB19BFD5E4}"
EndProject
Project("{9A19103F-16F7-4668-BE54-9A1E7A4F7556}") = "BCoreAbstractions", "BCoreAbstractions\BCoreAbstractions.csproj", "{9EBE8010-1CB3-4685-9855-468CC4676252}"
EndProject
Global
	GlobalSection(SolutionConfigurationPlatforms) = preSolution
		Debug|Any CPU = Debug|Any CPU
		Release|Any CPU = Release|Any CPU
	EndGlobalSection
	GlobalSection(ProjectConfigurationPlatforms) = postSolution
		{2E0758AB-CF1D-4097-9F50-8EF29E113EF0}.Debug|Any CPU.ActiveCfg = Debug|Any CPU
		{2E0758AB-CF1D-4097-9F50-8EF29E113EF0}.Debug|Any CPU.Build.0 = Debug|Any CPU
		{2E0758AB-CF1D-4097-9F50-8EF29E113EF0}.Release|Any CPU.ActiveCfg = Release|Any CPU
		{2E0758AB-CF1D-4097-9F50-8EF29E113EF0}.Release|Any CPU.Build.0 = Release|Any CPU
		{D9A84928-E424-46A6-80CA-02FB4CFC7B8B}.Debug|Any CPU.ActiveCfg = Debug|Any CPU
		{D9A84928-E424-46A6-80CA-02FB4CFC7B8B}.Debug|Any CPU.Build.0 = Debug|Any CPU
		{D9A84928-E424-46A6-80CA-02FB4CFC7B8B}.Release|Any CPU.ActiveCfg = Release|Any CPU
		{D9A84928-E424-46A6-80CA-02FB4CFC7B8B}.Release|Any CPU.Build.0 = Release|Any CPU
		{03050D1A-A9C1-4E3E-ADDA-2499E2DCF2FE}.Debug|Any CPU.ActiveCfg = Debug|Any CPU
		{03050D1A-A9C1-4E3E-ADDA-2499E2DCF2FE}.Debug|Any CPU.Build.0 = Debug|Any CPU
		{03050D1A-A9C1-4E3E-ADDA-2499E2DCF2FE}.Release|Any CPU.ActiveCfg = Release|Any CPU
		{03050D1A-A9C1-4E3E-ADDA-2499E2DCF2FE}.Release|Any CPU.Build.0 = Release|Any CPU
		{DCA80A96-E494-4082-BB20-AEEB19BFD5E4}.Debug|Any CPU.ActiveCfg = Debug|Any CPU
		{DCA80A96-E494-4082-BB20-AEEB19BFD5E4}.Debug|Any CPU.Build.0 = Debug|Any CPU
		{DCA80A96-E494-4082-BB20-AEEB19BFD5E4}.Release|Any CPU.ActiveCfg = Release|Any CPU
		{DCA80A96-E494-4082-BB20-AEEB19BFD5E4}.Release|Any CPU.Build.0 = Release|Any CPU
		{9EBE8010-1CB3-4685-9855-468CC4676252}.Debug|Any CPU.ActiveCfg = Debug|Any CPU
		{9EBE8010-1CB3-4685-9855-468CC4676252}.Debug|Any CPU.Build.0 = Debug|Any CPU
		{9EBE8010-1CB3-4685-9855-468CC4676252}.Release|Any CPU.ActiveCfg = Release|Any CPU
		{9EBE8010-1CB3-4685-9855-468CC4676252}.Release|Any CPU.Build.0 = Release|Any CPU
	EndGlobalSection
	GlobalSection(SolutionProperties) = preSolution
		HideSolutionNode = FALSE
	EndGlobalSection
EndGlobal
